
Microsoft Visual Studio Solution File, Format Version 12.00
# Visual Studio Version 17
VisualStudioVersion = 17.8.34511.84
MinimumVisualStudioVersion = 10.0.40219.1
Project("{FAE04EC0-301F-11D3-BF4B-00C04F79EFBC}") = "PlanningArea.Server", "PlanningArea.Server\PlanningArea.Server.csproj", "{4DE4D924-1FA7-4745-903F-5A7F2C4B1AB0}"
EndProject
Project("{54A90642-561A-4BB1-A94E-469ADEE60C69}") = "planningarea.client", "planningarea.client\planningarea.client.esproj", "{5BD638CF-6DC7-4C9A-81FF-7E41FF968853}"
EndProject
Global
	GlobalSection(SolutionConfigurationPlatforms) = preSolution
		Debug|Any CPU = Debug|Any CPU
		Release|Any CPU = Release|Any CPU
	EndGlobalSection
	GlobalSection(ProjectConfigurationPlatforms) = postSolution
		{4DE4D924-1FA7-4745-903F-5A7F2C4B1AB0}.Debug|Any CPU.ActiveCfg = Debug|Any CPU
		{4DE4D924-1FA7-4745-903F-5A7F2C4B1AB0}.Debug|Any CPU.Build.0 = Debug|Any CPU
		{4DE4D924-1FA7-4745-903F-5A7F2C4B1AB0}.Release|Any CPU.ActiveCfg = Release|Any CPU
		{4DE4D924-1FA7-4745-903F-5A7F2C4B1AB0}.Release|Any CPU.Build.0 = Release|Any CPU
		{5BD638CF-6DC7-4C9A-81FF-7E41FF968853}.Debug|Any CPU.ActiveCfg = Debug|Any CPU
		{5BD638CF-6DC7-4C9A-81FF-7E41FF968853}.Debug|Any CPU.Build.0 = Debug|Any CPU
		{5BD638CF-6DC7-4C9A-81FF-7E41FF968853}.Debug|Any CPU.Deploy.0 = Debug|Any CPU
		{5BD638CF-6DC7-4C9A-81FF-7E41FF968853}.Release|Any CPU.ActiveCfg = Release|Any CPU
		{5BD638CF-6DC7-4C9A-81FF-7E41FF968853}.Release|Any CPU.Build.0 = Release|Any CPU
		{5BD638CF-6DC7-4C9A-81FF-7E41FF968853}.Release|Any CPU.Deploy.0 = Release|Any CPU
	EndGlobalSection
	GlobalSection(SolutionProperties) = preSolution
		HideSolutionNode = FALSE
	EndGlobalSection
	GlobalSection(ExtensibilityGlobals) = postSolution
		SolutionGuid = {AB8DCD0E-2D8B-49A3-8BD0-E5E3E34D48BF}
	EndGlobalSection
EndGlobal
